
Microsoft Visual Studio Solution File, Format Version 12.00
# Visual Studio Version 17
VisualStudioVersion = 17.5.33530.505
MinimumVisualStudioVersion = 10.0.40219.1
Project("{FAE04EC0-301F-11D3-BF4B-00C04F79EFBC}") = "CrudOperationsinNetCore", "CrudOperationsinNetCore.csproj", "{CE2C4D91-0DB8-41C7-8248-52E31F0B12CF}"
EndProject
Global
	GlobalSection(SolutionConfigurationPlatforms) = preSolution
		Debug|Any CPU = Debug|Any CPU
		Release|Any CPU = Release|Any CPU
	EndGlobalSection
	GlobalSection(ProjectConfigurationPlatforms) = postSolution
		{CE2C4D91-0DB8-41C7-8248-52E31F0B12CF}.Debug|Any CPU.ActiveCfg = Debug|Any CPU
		{CE2C4D91-0DB8-41C7-8248-52E31F0B12CF}.Debug|Any CPU.Build.0 = Debug|Any CPU
		{CE2C4D91-0DB8-41C7-8248-52E31F0B12CF}.Release|Any CPU.ActiveCfg = Release|Any CPU
		{CE2C4D91-0DB8-41C7-8248-52E31F0B12CF}.Release|Any CPU.Build.0 = Release|Any CPU
	EndGlobalSection
	GlobalSection(SolutionProperties) = preSolution
		HideSolutionNode = FALSE
	EndGlobalSection
	GlobalSection(ExtensibilityGlobals) = postSolution
		SolutionGuid = {DD7FF12C-DEAF-465F-AFD5-DB81197F7FC1}
	EndGlobalSection
EndGlobal
